
Microsoft Visual Studio Solution File, Format Version 12.00
# Visual Studio Version 16
VisualStudioVersion = 16.0.30330.147
MinimumVisualStudioVersion = 10.0.40219.1
Project("{FAE04EC0-301F-11D3-BF4B-00C04F79EFBC}") = "BibleVerseSearchApp", "BibleVerseSearchApp.csproj", "{B19EA8D7-0DCE-46C9-84E1-E940B5063329}"
EndProject
Global
	GlobalSection(SolutionConfigurationPlatforms) = preSolution
		Debug|Any CPU = Debug|Any CPU
		Release|Any CPU = Release|Any CPU
	EndGlobalSection
	GlobalSection(ProjectConfigurationPlatforms) = postSolution
		{B19EA8D7-0DCE-46C9-84E1-E940B5063329}.Debug|Any CPU.ActiveCfg = Debug|Any CPU
		{B19EA8D7-0DCE-46C9-84E1-E940B5063329}.Debug|Any CPU.Build.0 = Debug|Any CPU
		{B19EA8D7-0DCE-46C9-84E1-E940B5063329}.Release|Any CPU.ActiveCfg = Release|Any CPU
		{B19EA8D7-0DCE-46C9-84E1-E940B5063329}.Release|Any CPU.Build.0 = Release|Any CPU
	EndGlobalSection
	GlobalSection(SolutionProperties) = preSolution
		HideSolutionNode = FALSE
	EndGlobalSection
	GlobalSection(ExtensibilityGlobals) = postSolution
		SolutionGuid = {7DAAB715-A10D-4272-8A83-6A9C0E18D3DB}
	EndGlobalSection
EndGlobal
