
Microsoft Visual Studio Solution File, Format Version 12.00
# Visual Studio Version 16
VisualStudioVersion = 16.0.30330.147
MinimumVisualStudioVersion = 10.0.40219.1
Project("{FAE04EC0-301F-11D3-BF4B-00C04F79EFBC}") = "Activity4Part2 REST", "Activity4Part2 REST.csproj", "{52606796-67AA-4F78-983F-28C9AA95823F}"
EndProject
Global
	GlobalSection(SolutionConfigurationPlatforms) = preSolution
		Debug|Any CPU = Debug|Any CPU
		Release|Any CPU = Release|Any CPU
	EndGlobalSection
	GlobalSection(ProjectConfigurationPlatforms) = postSolution
		{52606796-67AA-4F78-983F-28C9AA95823F}.Debug|Any CPU.ActiveCfg = Debug|Any CPU
		{52606796-67AA-4F78-983F-28C9AA95823F}.Debug|Any CPU.Build.0 = Debug|Any CPU
		{52606796-67AA-4F78-983F-28C9AA95823F}.Release|Any CPU.ActiveCfg = Release|Any CPU
		{52606796-67AA-4F78-983F-28C9AA95823F}.Release|Any CPU.Build.0 = Release|Any CPU
	EndGlobalSection
	GlobalSection(SolutionProperties) = preSolution
		HideSolutionNode = FALSE
	EndGlobalSection
	GlobalSection(ExtensibilityGlobals) = postSolution
		SolutionGuid = {3FC64E97-F0D1-411F-8C30-B9EE022CDC21}
	EndGlobalSection
EndGlobal
