
Microsoft Visual Studio Solution File, Format Version 12.00
# Visual Studio Version 16
VisualStudioVersion = 16.0.30225.117
MinimumVisualStudioVersion = 10.0.40219.1
Project("{FAE04EC0-301F-11D3-BF4B-00C04F79EFBC}") = "Activity2Part1", "Activity2Part1.csproj", "{F318F003-1EC9-46F9-AC70-841B0D17444D}"
EndProject
Global
	GlobalSection(SolutionConfigurationPlatforms) = preSolution
		Debug|Any CPU = Debug|Any CPU
		Release|Any CPU = Release|Any CPU
	EndGlobalSection
	GlobalSection(ProjectConfigurationPlatforms) = postSolution
		{F318F003-1EC9-46F9-AC70-841B0D17444D}.Debug|Any CPU.ActiveCfg = Debug|Any CPU
		{F318F003-1EC9-46F9-AC70-841B0D17444D}.Debug|Any CPU.Build.0 = Debug|Any CPU
		{F318F003-1EC9-46F9-AC70-841B0D17444D}.Release|Any CPU.ActiveCfg = Release|Any CPU
		{F318F003-1EC9-46F9-AC70-841B0D17444D}.Release|Any CPU.Build.0 = Release|Any CPU
	EndGlobalSection
	GlobalSection(SolutionProperties) = preSolution
		HideSolutionNode = FALSE
	EndGlobalSection
	GlobalSection(ExtensibilityGlobals) = postSolution
		SolutionGuid = {DC2AF127-F998-47FC-ACBB-526398E0D0A7}
	EndGlobalSection
EndGlobal
